
Microsoft Visual Studio Solution File, Format Version 12.00
# Visual Studio Version 16
VisualStudioVersion = 16.0.31025.194
MinimumVisualStudioVersion = 10.0.40219.1
Project("{FAE04EC0-301F-11D3-BF4B-00C04F79EFBC}") = "Main", "Main\Main.csproj", "{47081871-5035-4683-A4E8-180996573462}"
EndProject
Project("{FAE04EC0-301F-11D3-BF4B-00C04F79EFBC}") = "Solution", "Solution\Solution.csproj", "{67671007-81BF-49B9-84F7-017A4D54F667}"
EndProject
Global
	GlobalSection(SolutionConfigurationPlatforms) = preSolution
		Debug|Any CPU = Debug|Any CPU
		Release|Any CPU = Release|Any CPU
	EndGlobalSection
	GlobalSection(ProjectConfigurationPlatforms) = postSolution
		{47081871-5035-4683-A4E8-180996573462}.Debug|Any CPU.ActiveCfg = Debug|Any CPU
		{47081871-5035-4683-A4E8-180996573462}.Debug|Any CPU.Build.0 = Debug|Any CPU
		{47081871-5035-4683-A4E8-180996573462}.Release|Any CPU.ActiveCfg = Release|Any CPU
		{47081871-5035-4683-A4E8-180996573462}.Release|Any CPU.Build.0 = Release|Any CPU
		{67671007-81BF-49B9-84F7-017A4D54F667}.Debug|Any CPU.ActiveCfg = Debug|Any CPU
		{67671007-81BF-49B9-84F7-017A4D54F667}.Debug|Any CPU.Build.0 = Debug|Any CPU
		{67671007-81BF-49B9-84F7-017A4D54F667}.Release|Any CPU.ActiveCfg = Release|Any CPU
		{67671007-81BF-49B9-84F7-017A4D54F667}.Release|Any CPU.Build.0 = Release|Any CPU
	EndGlobalSection
	GlobalSection(SolutionProperties) = preSolution
		HideSolutionNode = FALSE
	EndGlobalSection
	GlobalSection(ExtensibilityGlobals) = postSolution
		SolutionGuid = {4F86641A-4722-4304-BD44-7EFDC2D96C65}
	EndGlobalSection
EndGlobal
