
Microsoft Visual Studio Solution File, Format Version 12.00
# Visual Studio Version 16
VisualStudioVersion = 16.0.31321.278
MinimumVisualStudioVersion = 10.0.40219.1
Project("{FAE04EC0-301F-11D3-BF4B-00C04F79EFBC}") = "Main", "Main\Main.csproj", "{865F9EF9-B268-447E-B4E3-A41F2CAF6671}"
EndProject
Global
	GlobalSection(SolutionConfigurationPlatforms) = preSolution
		Debug|Any CPU = Debug|Any CPU
		Release|Any CPU = Release|Any CPU
	EndGlobalSection
	GlobalSection(ProjectConfigurationPlatforms) = postSolution
		{865F9EF9-B268-447E-B4E3-A41F2CAF6671}.Debug|Any CPU.ActiveCfg = Debug|Any CPU
		{865F9EF9-B268-447E-B4E3-A41F2CAF6671}.Debug|Any CPU.Build.0 = Debug|Any CPU
		{865F9EF9-B268-447E-B4E3-A41F2CAF6671}.Release|Any CPU.ActiveCfg = Release|Any CPU
		{865F9EF9-B268-447E-B4E3-A41F2CAF6671}.Release|Any CPU.Build.0 = Release|Any CPU
	EndGlobalSection
	GlobalSection(SolutionProperties) = preSolution
		HideSolutionNode = FALSE
	EndGlobalSection
	GlobalSection(ExtensibilityGlobals) = postSolution
		SolutionGuid = {DE7E4262-CC37-409A-AD7D-48BDF47EBC0C}
	EndGlobalSection
EndGlobal
